// !$*UTF8*$!
{
	archiveVersion = 1;
	classes = {
	};
	objectVersion = 46;
	objects = {

/* Begin PBXBuildFile section */
		047B2A8D1F6D69E30000EA52 /* AppDelegate.swift in Sources */ = {isa = PBXBuildFile; fileRef = 047B2A8C1F6D69E30000EA52 /* AppDelegate.swift */; };
		047B2A921F6D69E30000EA52 /* Main.storyboard in Resources */ = {isa = PBXBuildFile; fileRef = 047B2A901F6D69E30000EA52 /* Main.storyboard */; };
		047B2A941F6D69E30000EA52 /* Assets.xcassets in Resources */ = {isa = PBXBuildFile; fileRef = 047B2A931F6D69E30000EA52 /* Assets.xcassets */; };
		047B2A971F6D69E30000EA52 /* LaunchScreen.storyboard in Resources */ = {isa = PBXBuildFile; fileRef = 047B2A951F6D69E30000EA52 /* LaunchScreen.storyboard */; };
		047B2A9F1F6D6CD40000EA52 /* RestaurantTableViewController.swift in Sources */ = {isa = PBXBuildFile; fileRef = 047B2A9E1F6D6CD40000EA52 /* RestaurantTableViewController.swift */; };
		04F2CF201F841C420043A60A /* RestaurantTableViewCell.swift in Sources */ = {isa = PBXBuildFile; fileRef = 04F2CF1F1F841C420043A60A /* RestaurantTableViewCell.swift */; };
/* End PBXBuildFile section */

/* Begin PBXFileReference section */
		047B2A891F6D69E20000EA52 /* FoodPin.app */ = {isa = PBXFileReference; explicitFileType = wrapper.application; includeInIndex = 0; path = FoodPin.app; sourceTree = BUILT_PRODUCTS_DIR; };
		047B2A8C1F6D69E30000EA52 /* AppDelegate.swift */ = {isa = PBXFileReference; lastKnownFileType = sourcecode.swift; path = AppDelegate.swift; sourceTree = "<group>"; };
		047B2A911F6D69E30000EA52 /* Base */ = {isa = PBXFileReference; lastKnownFileType = file.storyboard; name = Base; path = Base.lproj/Main.storyboard; sourceTree = "<group>"; };
		047B2A931F6D69E30000EA52 /* Assets.xcassets */ = {isa = PBXFileReference; lastKnownFileType = folder.assetcatalog; path = Assets.xcassets; sourceTree = "<group>"; };
		047B2A961F6D69E30000EA52 /* Base */ = {isa = PBXFileReference; lastKnownFileType = file.storyboard; name = Base; path = Base.lproj/LaunchScreen.storyboard; sourceTree = "<group>"; };
		047B2A981F6D69E30000EA52 /* Info.plist */ = {isa = PBXFileReference; lastKnownFileType = text.plist.xml; path = Info.plist; sourceTree = "<group>"; };
		047B2A9E1F6D6CD40000EA52 /* RestaurantTableViewController.swift */ = {isa = PBXFileReference; fileEncoding = 4; lastKnownFileType = sourcecode.swift; path = RestaurantTableViewController.swift; sourceTree = "<group>"; };
		04F2CF1F1F841C420043A60A /* RestaurantTableViewCell.swift */ = {isa = PBXFileReference; fileEncoding = 4; lastKnownFileType = sourcecode.swift; path = RestaurantTableViewCell.swift; sourceTree = "<group>"; };
/* End PBXFileReference section */

/* Begin PBXFrameworksBuildPhase section */
		047B2A861F6D69E20000EA52 /* Frameworks */ = {
			isa = PBXFrameworksBuildPhase;
			buildActionMask = 2147483647;
			files = (
			);
			runOnlyForDeploymentPostprocessing = 0;
		};
/* End PBXFrameworksBuildPhase section */

/* Begin PBXGroup section */
		047B2A801F6D69E20000EA52 = {
			isa = PBXGroup;
			children = (
				047B2A8B1F6D69E30000EA52 /* FoodPin */,
				047B2A8A1F6D69E20000EA52 /* Products */,
			);
			sourceTree = "<group>";
		};
		047B2A8A1F6D69E20000EA52 /* Products */ = {
			isa = PBXGroup;
			children = (
				047B2A891F6D69E20000EA52 /* FoodPin.app */,
			);
			name = Products;
			sourceTree = "<group>";
		};
		047B2A8B1F6D69E30000EA52 /* FoodPin */ = {
			isa = PBXGroup;
			children = (
				047B2A8C1F6D69E30000EA52 /* AppDelegate.swift */,
				047B2A901F6D69E30000EA52 /* Main.storyboard */,
				047B2A931F6D69E30000EA52 /* Assets.xcassets */,
				047B2A951F6D69E30000EA52 /* LaunchScreen.storyboard */,
				047B2A981F6D69E30000EA52 /* Info.plist */,
				047B2A9E1F6D6CD40000EA52 /* RestaurantTableViewController.swift */,
				04F2CF1F1F841C420043A60A /* RestaurantTableViewCell.swift */,
			);
			path = FoodPin;
			sourceTree = "<group>";
		};
/* End PBXGroup section */

/* Begin PBXNativeTarget section */
		047B2A881F6D69E20000EA52 /* FoodPin */ = {
			isa = PBXNativeTarget;
			buildConfigurationList = 047B2A9B1F6D69E30000EA52 /* Build configuration list for PBXNativeTarget "FoodPin" */;
			buildPhases = (
				047B2A851F6D69E20000EA52 /* Sources */,
				047B2A861F6D69E20000EA52 /* Frameworks */,
				047B2A871F6D69E20000EA52 /* Resources */,
			);
			buildRules = (
			);
			dependencies = (
			);
			name = FoodPin;
			productName = FoodPin;
			productReference = 047B2A891F6D69E20000EA52 /* FoodPin.app */;
			productType = "com.apple.product-type.application";
		};
/* End PBXNativeTarget section */

/* Begin PBXProject section */
		047B2A811F6D69E20000EA52 /* Project object */ = {
			isa = PBXProject;
			attributes = {
				LastSwiftUpdateCheck = 0720;
				LastUpgradeCheck = 0720;
				ORGANIZATIONNAME = iPathSaid.com;
				TargetAttributes = {
					047B2A881F6D69E20000EA52 = {
						CreatedOnToolsVersion = 7.2.1;
					};
				};
			};
			buildConfigurationList = 047B2A841F6D69E20000EA52 /* Build configuration list for PBXProject "FoodPin" */;
			compatibilityVersion = "Xcode 3.2";
			developmentRegion = English;
			hasScannedForEncodings = 0;
			knownRegions = (
				en,
				Base,
			);
			mainGroup = 047B2A801F6D69E20000EA52;
			productRefGroup = 047B2A8A1F6D69E20000EA52 /* Products */;
			projectDirPath = "";
			projectRoot = "";
			targets = (
				047B2A881F6D69E20000EA52 /* FoodPin */,
			);
		};
/* End PBXProject section */

/* Begin PBXResourcesBuildPhase section */
		047B2A871F6D69E20000EA52 /* Resources */ = {
			isa = PBXResourcesBuildPhase;
			buildActionMask = 2147483647;
			files = (
				047B2A971F6D69E30000EA52 /* LaunchScreen.storyboard in Resources */,
				047B2A941F6D69E30000EA52 /* Assets.xcassets in Resources */,
				047B2A921F6D69E30000EA52 /* Main.storyboard in Resources */,
			);
			runOnlyForDeploymentPostprocessing = 0;
		};
/* End PBXResourcesBuildPhase section */

/* Begin PBXSourcesBuildPhase section */
		047B2A851F6D69E20000EA52 /* Sources */ = {
			isa = PBXSourcesBuildPhase;
			buildActionMask = 2147483647;
			files = (
				047B2A9F1F6D6CD40000EA52 /* RestaurantTableViewController.swift in Sources */,
				04F2CF201F841C420043A60A /* RestaurantTableViewCell.swift in Sources */,
				047B2A8D1F6D69E30000EA52 /* AppDelegate.swift in Sources */,
			);
			runOnlyForDeploymentPostprocessing = 0;
		};
/* End PBXSourcesBuildPhase section */

/* Begin PBXVariantGroup section */
		047B2A901F6D69E30000EA52 /* Main.storyboard */ = {
			isa = PBXVariantGroup;
			children = (
				047B2A911F6D69E30000EA52 /* Base */,
			);
			name = Main.storyboard;
			sourceTree = "<group>";
		};
		047B2A951F6D69E30000EA52 /* LaunchScreen.storyboard */ = {
			isa = PBXVariantGroup;
			children = (
				047B2A961F6D69E30000EA52 /* Base */,
			);
			name = LaunchScreen.storyboard;
			sourceTree = "<group>";
		};
/* End PBXVariantGroup section */

/* Begin XCBuildConfiguration section */
		047B2A991F6D69E30000EA52 /* Debug */ = {
			isa = XCBuildConfiguration;
			buildSettings = {
				ALWAYS_SEARCH_USER_PATHS = NO;
				CLANG_CXX_LANGUAGE_STANDARD = "gnu++0x";
				CLANG_CXX_LIBRARY = "libc++";
				CLANG_ENABLE_MODULES = YES;
				CLANG_ENABLE_OBJC_ARC = YES;
				CLANG_WARN_BOOL_CONVERSION = YES;
				CLANG_WARN_CONSTANT_CONVERSION = YES;
				CLANG_WARN_DIRECT_OBJC_ISA_USAGE = YES_ERROR;
				CLANG_WARN_EMPTY_BODY = YES;
				CLANG_WARN_ENUM_CONVERSION = YES;
				CLANG_WARN_INT_CONVERSION = YES;
				CLANG_WARN_OBJC_ROOT_CLASS = YES_ERROR;
				CLANG_WARN_UNREACHABLE_CODE = YES;
				CLANG_WARN__DUPLICATE_METHOD_MATCH = YES;
				"CODE_SIGN_IDENTITY[sdk=iphoneos*]" = "iPhone Developer";
				COPY_PHASE_STRIP = NO;
				DEBUG_INFORMATION_FORMAT = dwarf;
				ENABLE_STRICT_OBJC_MSGSEND = YES;
				ENABLE_TESTABILITY = YES;
				GCC_C_LANGUAGE_STANDARD = gnu99;
				GCC_DYNAMIC_NO_PIC = NO;
				GCC_NO_COMMON_BLOCKS = YES;
				GCC_OPTIMIZATION_LEVEL = 0;
				GCC_PREPROCESSOR_DEFINITIONS = (
					"DEBUG=1",
					"$(inherited)",
				);
				GCC_WARN_64_TO_32_BIT_CONVERSION = YES;
				GCC_WARN_ABOUT_RETURN_TYPE = YES_ERROR;
				GCC_WARN_UNDECLARED_SELECTOR = YES;
				GCC_WARN_UNINITIALIZED_AUTOS = YES_AGGRESSIVE;
				GCC_WARN_UNUSED_FUNCTION = YES;
				GCC_WARN_UNUSED_VARIABLE = YES;
				IPHONEOS_DEPLOYMENT_TARGET = 9.2;
				MTL_ENABLE_DEBUG_INFO = YES;
				ONLY_ACTIVE_ARCH = YES;
				SDKROOT = iphoneos;
				SWIFT_OPTIMIZATION_LEVEL = "-Onone";
			};
			name = Debug;
		};
		047B2A9A1F6D69E30000EA52 /* Release */ = {
			isa = XCBuildConfiguration;
			buildSettings = {
				ALWAYS_SEARCH_USER_PATHS = NO;
				CLANG_CXX_LANGUAGE_STANDARD = "gnu++0x";
				CLANG_CXX_LIBRARY = "libc++";
				CLANG_ENABLE_MODULES = YES;
				CLANG_ENABLE_OBJC_ARC = YES;
				CLANG_WARN_BOOL_CONVERSION = YES;
				CLANG_WARN_CONSTANT_CONVERSION = YES;
				CLANG_WARN_DIRECT_OBJC_ISA_USAGE = YES_ERROR;
				CLANG_WARN_EMPTY_BODY = YES;
				CLANG_WARN_ENUM_CONVERSION = YES;
				CLANG_WARN_INT_CONVERSION = YES;
				CLANG_WARN_OBJC_ROOT_CLASS = YES_ERROR;
				CLANG_WARN_UNREACHABLE_CODE = YES;
				CLANG_WARN__DUPLICATE_METHOD_MATCH = YES;
				"CODE_SIGN_IDENTITY[sdk=iphoneos*]" = "iPhone Developer";
				COPY_PHASE_STRIP = NO;
				DEBUG_INFORMATION_FORMAT = "dwarf-with-dsym";
				ENABLE_NS_ASSERTIONS = NO;
				ENABLE_STRICT_OBJC_MSGSEND = YES;
				GCC_C_LANGUAGE_STANDARD = gnu99;
				GCC_NO_COMMON_BLOCKS = YES;
				GCC_WARN_64_TO_32_BIT_CONVERSION = YES;
				GCC_WARN_ABOUT_RETURN_TYPE = YES_ERROR;
				GCC_WARN_UNDECLARED_SELECTOR = YES;
				GCC_WARN_UNINITIALIZED_AUTOS = YES_AGGRESSIVE;
				GCC_WARN_UNUSED_FUNCTION = YES;
				GCC_WARN_UNUSED_VARIABLE = YES;
				IPHONEOS_DEPLOYMENT_TARGET = 9.2;
				MTL_ENABLE_DEBUG_INFO = NO;
				SDKROOT = iphoneos;
				VALIDATE_PRODUCT = YES;
			};
			name = Release;
		};
		047B2A9C1F6D69E30000EA52 /* Debug */ = {
			isa = XCBuildConfiguration;
			buildSettings = {
				ASSETCATALOG_COMPILER_APPICON_NAME = AppIcon;
				INFOPLIST_FILE = FoodPin/Info.plist;
				LD_RUNPATH_SEARCH_PATHS = "$(inherited) @executable_path/Frameworks";
				PRODUCT_BUNDLE_IDENTIFIER = com.ipathsaid.FoodPin;
				PRODUCT_NAME = "$(TARGET_NAME)";
			};
			name = Debug;
		};
		047B2A9D1F6D69E30000EA52 /* Release */ = {
			isa = XCBuildConfiguration;
			buildSettings = {
				ASSETCATALOG_COMPILER_APPICON_NAME = AppIcon;
				INFOPLIST_FILE = FoodPin/Info.plist;
				LD_RUNPATH_SEARCH_PATHS = "$(inherited) @executable_path/Frameworks";
				PRODUCT_BUNDLE_IDENTIFIER = com.ipathsaid.FoodPin;
				PRODUCT_NAME = "$(TARGET_NAME)";
			};
			name = Release;
		};
/* End XCBuildConfiguration section */

/* Begin XCConfigurationList section */
		047B2A841F6D69E20000EA52 /* Build configuration list for PBXProject "FoodPin" */ = {
			isa = XCConfigurationList;
			buildConfigurations = (
				047B2A991F6D69E30000EA52 /* Debug */,
				047B2A9A1F6D69E30000EA52 /* Release */,
			);
			defaultConfigurationIsVisible = 0;
			defaultConfigurationName = Release;
		};
		047B2A9B1F6D69E30000EA52 /* Build configuration list for PBXNativeTarget "FoodPin" */ = {
			isa = XCConfigurationList;
			buildConfigurations = (
				047B2A9C1F6D69E30000EA52 /* Debug */,
				047B2A9D1F6D69E30000EA52 /* Release */,
			);
			defaultConfigurationIsVisible = 0;
			defaultConfigurationName = Release;
		};
/* End XCConfigurationList section */
	};
	rootObject = 047B2A811F6D69E20000EA52 /* Project object */;
}
